// !$*UTF8*$!
{
	archiveVersion = 1;
	classes = {
	};
	objectVersion = 46;
	objects = {

/* Begin PBXBuildFile section */
		5221C59E1ACF839300B359C2 /* main.m in Sources */ = {isa = PBXBuildFile; fileRef = 5221C59D1ACF839300B359C2 /* main.m */; };
		5221C5A11ACF839300B359C2 /* AppDelegate.m in Sources */ = {isa = PBXBuildFile; fileRef = 5221C5A01ACF839300B359C2 /* AppDelegate.m */; };
		5221C5A71ACF839300B359C2 /* Main.storyboard in Resources */ = {isa = PBXBuildFile; fileRef = 5221C5A51ACF839300B359C2 /* Main.storyboard */; };
		5221C5A91ACF839300B359C2 /* Images.xcassets in Resources */ = {isa = PBXBuildFile; fileRef = 5221C5A81ACF839300B359C2 /* Images.xcassets */; };
		5221C5AC1ACF839300B359C2 /* LaunchScreen.xib in Resources */ = {isa = PBXBuildFile; fileRef = 5221C5AA1ACF839300B359C2 /* LaunchScreen.xib */; };
		5221C5B81ACF839300B359C2 /* DrawerMenuTests.m in Sources */ = {isa = PBXBuildFile; fileRef = 5221C5B71ACF839300B359C2 /* DrawerMenuTests.m */; };
		A45722F11AD1973E00B16F36 /* LeftController.m in Sources */ = {isa = PBXBuildFile; fileRef = A45722F01AD1973E00B16F36 /* LeftController.m */; };
/* End PBXBuildFile section */

/* Begin PBXContainerItemProxy section */
		5221C5B21ACF839300B359C2 /* PBXContainerItemProxy */ = {
			isa = PBXContainerItemProxy;
			containerPortal = 5221C5901ACF839300B359C2 /* Project object */;
			proxyType = 1;
			remoteGlobalIDString = 5221C5971ACF839300B359C2;
			remoteInfo = DrawerMenu;
		};
/* End PBXContainerItemProxy section */

/* Begin PBXFileReference section */
		5221C5981ACF839300B359C2 /* DrawerMenu.app */ = {isa = PBXFileReference; explicitFileType = wrapper.application; includeInIndex = 0; path = DrawerMenu.app; sourceTree = BUILT_PRODUCTS_DIR; };
		5221C59C1ACF839300B359C2 /* Info.plist */ = {isa = PBXFileReference; lastKnownFileType = text.plist.xml; path = Info.plist; sourceTree = "<group>"; };
		5221C59D1ACF839300B359C2 /* main.m */ = {isa = PBXFileReference; lastKnownFileType = sourcecode.c.objc; path = main.m; sourceTree = "<group>"; };
		5221C59F1ACF839300B359C2 /* AppDelegate.h */ = {isa = PBXFileReference; lastKnownFileType = sourcecode.c.h; path = AppDelegate.h; sourceTree = "<group>"; };
		5221C5A01ACF839300B359C2 /* AppDelegate.m */ = {isa = PBXFileReference; lastKnownFileType = sourcecode.c.objc; path = AppDelegate.m; sourceTree = "<group>"; };
		5221C5A61ACF839300B359C2 /* Base */ = {isa = PBXFileReference; lastKnownFileType = file.storyboard; name = Base; path = Base.lproj/Main.storyboard; sourceTree = "<group>"; };
		5221C5A81ACF839300B359C2 /* Images.xcassets */ = {isa = PBXFileReference; lastKnownFileType = folder.assetcatalog; path = Images.xcassets; sourceTree = "<group>"; };
		5221C5AB1ACF839300B359C2 /* Base */ = {isa = PBXFileReference; lastKnownFileType = file.xib; name = Base; path = Base.lproj/LaunchScreen.xib; sourceTree = "<group>"; };
		5221C5B11ACF839300B359C2 /* DrawerMenuTests.xctest */ = {isa = PBXFileReference; explicitFileType = wrapper.cfbundle; includeInIndex = 0; path = DrawerMenuTests.xctest; sourceTree = BUILT_PRODUCTS_DIR; };
		5221C5B61ACF839300B359C2 /* Info.plist */ = {isa = PBXFileReference; lastKnownFileType = text.plist.xml; path = Info.plist; sourceTree = "<group>"; };
		5221C5B71ACF839300B359C2 /* DrawerMenuTests.m */ = {isa = PBXFileReference; lastKnownFileType = sourcecode.c.objc; path = DrawerMenuTests.m; sourceTree = "<group>"; };
		A45722EF1AD1973E00B16F36 /* LeftController.h */ = {isa = PBXFileReference; fileEncoding = 4; lastKnownFileType = sourcecode.c.h; path = LeftController.h; sourceTree = "<group>"; };
		A45722F01AD1973E00B16F36 /* LeftController.m */ = {isa = PBXFileReference; fileEncoding = 4; lastKnownFileType = sourcecode.c.objc; path = LeftController.m; sourceTree = "<group>"; };
/* End PBXFileReference section */

/* Begin PBXFrameworksBuildPhase section */
		5221C5951ACF839300B359C2 /* Frameworks */ = {
			isa = PBXFrameworksBuildPhase;
			buildActionMask = 2147483647;
			files = (
			);
			runOnlyForDeploymentPostprocessing = 0;
		};
		5221C5AE1ACF839300B359C2 /* Frameworks */ = {
			isa = PBXFrameworksBuildPhase;
			buildActionMask = 2147483647;
			files = (
			);
			runOnlyForDeploymentPostprocessing = 0;
		};
/* End PBXFrameworksBuildPhase section */

/* Begin PBXGroup section */
		5221C58F1ACF839300B359C2 = {
			isa = PBXGroup;
			children = (
				5221C59A1ACF839300B359C2 /* DrawerMenu */,
				5221C5B41ACF839300B359C2 /* DrawerMenuTests */,
				5221C5991ACF839300B359C2 /* Products */,
			);
			sourceTree = "<group>";
		};
		5221C5991ACF839300B359C2 /* Products */ = {
			isa = PBXGroup;
			children = (
				5221C5981ACF839300B359C2 /* DrawerMenu.app */,
				5221C5B11ACF839300B359C2 /* DrawerMenuTests.xctest */,
			);
			name = Products;
			sourceTree = "<group>";
		};
		5221C59A1ACF839300B359C2 /* DrawerMenu */ = {
			isa = PBXGroup;
			children = (
				A45722EF1AD1973E00B16F36 /* LeftController.h */,
				A45722F01AD1973E00B16F36 /* LeftController.m */,
				5221C59F1ACF839300B359C2 /* AppDelegate.h */,
				5221C5A01ACF839300B359C2 /* AppDelegate.m */,
				5221C5A51ACF839300B359C2 /* Main.storyboard */,
				5221C5A81ACF839300B359C2 /* Images.xcassets */,
				5221C5AA1ACF839300B359C2 /* LaunchScreen.xib */,
				5221C59B1ACF839300B359C2 /* Supporting Files */,
			);
			path = DrawerMenu;
			sourceTree = "<group>";
		};
		5221C59B1ACF839300B359C2 /* Supporting Files */ = {
			isa = PBXGroup;
			children = (
				5221C59C1ACF839300B359C2 /* Info.plist */,
				5221C59D1ACF839300B359C2 /* main.m */,
			);
			name = "Supporting Files";
			sourceTree = "<group>";
		};
		5221C5B41ACF839300B359C2 /* DrawerMenuTests */ = {
			isa = PBXGroup;
			children = (
				5221C5B71ACF839300B359C2 /* DrawerMenuTests.m */,
				5221C5B51ACF839300B359C2 /* Supporting Files */,
			);
			path = DrawerMenuTests;
			sourceTree = "<group>";
		};
		5221C5B51ACF839300B359C2 /* Supporting Files */ = {
			isa = PBXGroup;
			children = (
				5221C5B61ACF839300B359C2 /* Info.plist */,
			);
			name = "Supporting Files";
			sourceTree = "<group>";
		};
/* End PBXGroup section */

/* Begin PBXNativeTarget section */
		5221C5971ACF839300B359C2 /* DrawerMenu */ = {
			isa = PBXNativeTarget;
			buildConfigurationList = 5221C5BB1ACF839300B359C2 /* Build configuration list for PBXNativeTarget "DrawerMenu" */;
			buildPhases = (
				5221C5941ACF839300B359C2 /* Sources */,
				5221C5951ACF839300B359C2 /* Frameworks */,
				5221C5961ACF839300B359C2 /* Resources */,
			);
			buildRules = (
			);
			dependencies = (
			);
			name = DrawerMenu;
			productName = DrawerMenu;
			productReference = 5221C5981ACF839300B359C2 /* DrawerMenu.app */;
			productType = "com.apple.product-type.application";
		};
		5221C5B01ACF839300B359C2 /* DrawerMenuTests */ = {
			isa = PBXNativeTarget;
			buildConfigurationList = 5221C5BE1ACF839300B359C2 /* Build configuration list for PBXNativeTarget "DrawerMenuTests" */;
			buildPhases = (
				5221C5AD1ACF839300B359C2 /* Sources */,
				5221C5AE1ACF839300B359C2 /* Frameworks */,
				5221C5AF1ACF839300B359C2 /* Resources */,
			);
			buildRules = (
			);
			dependencies = (
				5221C5B31ACF839300B359C2 /* PBXTargetDependency */,
			);
			name = DrawerMenuTests;
			productName = DrawerMenuTests;
			productReference = 5221C5B11ACF839300B359C2 /* DrawerMenuTests.xctest */;
			productType = "com.apple.product-type.bundle.unit-test";
		};
/* End PBXNativeTarget section */

/* Begin PBXProject section */
		5221C5901ACF839300B359C2 /* Project object */ = {
			isa = PBXProject;
			attributes = {
				LastUpgradeCheck = 0620;
				ORGANIZATIONNAME = Wynton;
				TargetAttributes = {
					5221C5971ACF839300B359C2 = {
						CreatedOnToolsVersion = 6.2;
					};
					5221C5B01ACF839300B359C2 = {
						CreatedOnToolsVersion = 6.2;
						TestTargetID = 5221C5971ACF839300B359C2;
					};
				};
			};
			buildConfigurationList = 5221C5931ACF839300B359C2 /* Build configuration list for PBXProject "DrawerMenu" */;
			compatibilityVersion = "Xcode 3.2";
			developmentRegion = English;
			hasScannedForEncodings = 0;
			knownRegions = (
				en,
				Base,
			);
			mainGroup = 5221C58F1ACF839300B359C2;
			productRefGroup = 5221C5991ACF839300B359C2 /* Products */;
			projectDirPath = "";
			projectRoot = "";
			targets = (
				5221C5971ACF839300B359C2 /* DrawerMenu */,
				5221C5B01ACF839300B359C2 /* DrawerMenuTests */,
			);
		};
/* End PBXProject section */

/* Begin PBXResourcesBuildPhase section */
		5221C5961ACF839300B359C2 /* Resources */ = {
			isa = PBXResourcesBuildPhase;
			buildActionMask = 2147483647;
			files = (
				5221C5A71ACF839300B359C2 /* Main.storyboard in Resources */,
				5221C5AC1ACF839300B359C2 /* LaunchScreen.xib in Resources */,
				5221C5A91ACF839300B359C2 /* Images.xcassets in Resources */,
			);
			runOnlyForDeploymentPostprocessing = 0;
		};
		5221C5AF1ACF839300B359C2 /* Resources */ = {
			isa = PBXResourcesBuildPhase;
			buildActionMask = 2147483647;
			files = (
			);
			runOnlyForDeploymentPostprocessing = 0;
		};
/* End PBXResourcesBuildPhase section */

/* Begin PBXSourcesBuildPhase section */
		5221C5941ACF839300B359C2 /* Sources */ = {
			isa = PBXSourcesBuildPhase;
			buildActionMask = 2147483647;
			files = (
				5221C5A11ACF839300B359C2 /* AppDelegate.m in Sources */,
				5221C59E1ACF839300B359C2 /* main.m in Sources */,
				A45722F11AD1973E00B16F36 /* LeftController.m in Sources */,
			);
			runOnlyForDeploymentPostprocessing = 0;
		};
		5221C5AD1ACF839300B359C2 /* Sources */ = {
			isa = PBXSourcesBuildPhase;
			buildActionMask = 2147483647;
			files = (
				5221C5B81ACF839300B359C2 /* DrawerMenuTests.m in Sources */,
			);
			runOnlyForDeploymentPostprocessing = 0;
		};
/* End PBXSourcesBuildPhase section */

/* Begin PBXTargetDependency section */
		5221C5B31ACF839300B359C2 /* PBXTargetDependency */ = {
			isa = PBXTargetDependency;
			target = 5221C5971ACF839300B359C2 /* DrawerMenu */;
			targetProxy = 5221C5B21ACF839300B359C2 /* PBXContainerItemProxy */;
		};
/* End PBXTargetDependency section */

/* Begin PBXVariantGroup section */
		5221C5A51ACF839300B359C2 /* Main.storyboard */ = {
			isa = PBXVariantGroup;
			children = (
				5221C5A61ACF839300B359C2 /* Base */,
			);
			name = Main.storyboard;
			sourceTree = "<group>";
		};
		5221C5AA1ACF839300B359C2 /* LaunchScreen.xib */ = {
			isa = PBXVariantGroup;
			children = (
				5221C5AB1ACF839300B359C2 /* Base */,
			);
			name = LaunchScreen.xib;
			sourceTree = "<group>";
		};
/* End PBXVariantGroup section */

/* Begin XCBuildConfiguration section */
		5221C5B91ACF839300B359C2 /* Debug */ = {
			isa = XCBuildConfiguration;
			buildSettings = {
				ALWAYS_SEARCH_USER_PATHS = NO;
				CLANG_CXX_LANGUAGE_STANDARD = "gnu++0x";
				CLANG_CXX_LIBRARY = "libc++";
				CLANG_ENABLE_MODULES = YES;
				CLANG_ENABLE_OBJC_ARC = YES;
				CLANG_WARN_BOOL_CONVERSION = YES;
				CLANG_WARN_CONSTANT_CONVERSION = YES;
				CLANG_WARN_DIRECT_OBJC_ISA_USAGE = YES_ERROR;
				CLANG_WARN_EMPTY_BODY = YES;
				CLANG_WARN_ENUM_CONVERSION = YES;
				CLANG_WARN_INT_CONVERSION = YES;
				CLANG_WARN_OBJC_ROOT_CLASS = YES_ERROR;
				CLANG_WARN_UNREACHABLE_CODE = YES;
				CLANG_WARN__DUPLICATE_METHOD_MATCH = YES;
				"CODE_SIGN_IDENTITY[sdk=iphoneos*]" = "iPhone Developer";
				COPY_PHASE_STRIP = NO;
				ENABLE_STRICT_OBJC_MSGSEND = YES;
				GCC_C_LANGUAGE_STANDARD = gnu99;
				GCC_DYNAMIC_NO_PIC = NO;
				GCC_OPTIMIZATION_LEVEL = 0;
				GCC_PREPROCESSOR_DEFINITIONS = (
					"DEBUG=1",
					"$(inherited)",
				);
				GCC_SYMBOLS_PRIVATE_EXTERN = NO;
				GCC_WARN_64_TO_32_BIT_CONVERSION = YES;
				GCC_WARN_ABOUT_RETURN_TYPE = YES_ERROR;
				GCC_WARN_UNDECLARED_SELECTOR = YES;
				GCC_WARN_UNINITIALIZED_AUTOS = YES_AGGRESSIVE;
				GCC_WARN_UNUSED_FUNCTION = YES;
				GCC_WARN_UNUSED_VARIABLE = YES;
				IPHONEOS_DEPLOYMENT_TARGET = 8.2;
				MTL_ENABLE_DEBUG_INFO = YES;
				ONLY_ACTIVE_ARCH = YES;
				SDKROOT = iphoneos;
			};
			name = Debug;
		};
		5221C5BA1ACF839300B359C2 /* Release */ = {
			isa = XCBuildConfiguration;
			buildSettings = {
				ALWAYS_SEARCH_USER_PATHS = NO;
				CLANG_CXX_LANGUAGE_STANDARD = "gnu++0x";
				CLANG_CXX_LIBRARY = "libc++";
				CLANG_ENABLE_MODULES = YES;
				CLANG_ENABLE_OBJC_ARC = YES;
				CLANG_WARN_BOOL_CONVERSION = YES;
				CLANG_WARN_CONSTANT_CONVERSION = YES;
				CLANG_WARN_DIRECT_OBJC_ISA_USAGE = YES_ERROR;
				CLANG_WARN_EMPTY_BODY = YES;
				CLANG_WARN_ENUM_CONVERSION = YES;
				CLANG_WARN_INT_CONVERSION = YES;
				CLANG_WARN_OBJC_ROOT_CLASS = YES_ERROR;
				CLANG_WARN_UNREACHABLE_CODE = YES;
				CLANG_WARN__DUPLICATE_METHOD_MATCH = YES;
				"CODE_SIGN_IDENTITY[sdk=iphoneos*]" = "iPhone Developer";
				COPY_PHASE_STRIP = NO;
				ENABLE_NS_ASSERTIONS = NO;
				ENABLE_STRICT_OBJC_MSGSEND = YES;
				GCC_C_LANGUAGE_STANDARD = gnu99;
				GCC_WARN_64_TO_32_BIT_CONVERSION = YES;
				GCC_WARN_ABOUT_RETURN_TYPE = YES_ERROR;
				GCC_WARN_UNDECLARED_SELECTOR = YES;
				GCC_WARN_UNINITIALIZED_AUTOS = YES_AGGRESSIVE;
				GCC_WARN_UNUSED_FUNCTION = YES;
				GCC_WARN_UNUSED_VARIABLE = YES;
				IPHONEOS_DEPLOYMENT_TARGET = 8.2;
				MTL_ENABLE_DEBUG_INFO = NO;
				SDKROOT = iphoneos;
				VALIDATE_PRODUCT = YES;
			};
			name = Release;
		};
		5221C5BC1ACF839300B359C2 /* Debug */ = {
			isa = XCBuildConfiguration;
			buildSettings = {
				ASSETCATALOG_COMPILER_APPICON_NAME = AppIcon;
				INFOPLIST_FILE = DrawerMenu/Info.plist;
				LD_RUNPATH_SEARCH_PATHS = "$(inherited) @executable_path/Frameworks";
				PRODUCT_NAME = "$(TARGET_NAME)";
			};
			name = Debug;
		};
		5221C5BD1ACF839300B359C2 /* Release */ = {
			isa = XCBuildConfiguration;
			buildSettings = {
				ASSETCATALOG_COMPILER_APPICON_NAME = AppIcon;
				INFOPLIST_FILE = DrawerMenu/Info.plist;
				LD_RUNPATH_SEARCH_PATHS = "$(inherited) @executable_path/Frameworks";
				PRODUCT_NAME = "$(TARGET_NAME)";
			};
			name = Release;
		};
		5221C5BF1ACF839300B359C2 /* Debug */ = {
			isa = XCBuildConfiguration;
			buildSettings = {
				BUNDLE_LOADER = "$(TEST_HOST)";
				FRAMEWORK_SEARCH_PATHS = (
					"$(SDKROOT)/Developer/Library/Frameworks",
					"$(inherited)",
				);
				GCC_PREPROCESSOR_DEFINITIONS = (
					"DEBUG=1",
					"$(inherited)",
				);
				INFOPLIST_FILE = DrawerMenuTests/Info.plist;
				LD_RUNPATH_SEARCH_PATHS = "$(inherited) @executable_path/Frameworks @loader_path/Frameworks";
				PRODUCT_NAME = "$(TARGET_NAME)";
				TEST_HOST = "$(BUILT_PRODUCTS_DIR)/DrawerMenu.app/DrawerMenu";
			};
			name = Debug;
		};
		5221C5C01ACF839300B359C2 /* Release */ = {
			isa = XCBuildConfiguration;
			buildSettings = {
				BUNDLE_LOADER = "$(TEST_HOST)";
				FRAMEWORK_SEARCH_PATHS = (
					"$(SDKROOT)/Developer/Library/Frameworks",
					"$(inherited)",
				);
				INFOPLIST_FILE = DrawerMenuTests/Info.plist;
				LD_RUNPATH_SEARCH_PATHS = "$(inherited) @executable_path/Frameworks @loader_path/Frameworks";
				PRODUCT_NAME = "$(TARGET_NAME)";
				TEST_HOST = "$(BUILT_PRODUCTS_DIR)/DrawerMenu.app/DrawerMenu";
			};
			name = Release;
		};
/* End XCBuildConfiguration section */

/* Begin XCConfigurationList section */
		5221C5931ACF839300B359C2 /* Build configuration list for PBXProject "DrawerMenu" */ = {
			isa = XCConfigurationList;
			buildConfigurations = (
				5221C5B91ACF839300B359C2 /* Debug */,
				5221C5BA1ACF839300B359C2 /* Release */,
			);
			defaultConfigurationIsVisible = 0;
			defaultConfigurationName = Release;
		};
		5221C5BB1ACF839300B359C2 /* Build configuration list for PBXNativeTarget "DrawerMenu" */ = {
			isa = XCConfigurationList;
			buildConfigurations = (
				5221C5BC1ACF839300B359C2 /* Debug */,
				5221C5BD1ACF839300B359C2 /* Release */,
			);
			defaultConfigurationIsVisible = 0;
			defaultConfigurationName = Release;
		};
		5221C5BE1ACF839300B359C2 /* Build configuration list for PBXNativeTarget "DrawerMenuTests" */ = {
			isa = XCConfigurationList;
			buildConfigurations = (
				5221C5BF1ACF839300B359C2 /* Debug */,
				5221C5C01ACF839300B359C2 /* Release */,
			);
			defaultConfigurationIsVisible = 0;
			defaultConfigurationName = Release;
		};
/* End XCConfigurationList section */
	};
	rootObject = 5221C5901ACF839300B359C2 /* Project object */;
}
